// !$*UTF8*$!
{
	archiveVersion = 1;
	classes = {
	};
	objectVersion = 46;
	objects = {

/* Begin PBXBuildFile section */
		6D58D07D1DF8582600AADCC7 /* JSONObjectBuilder.swift in Sources */ = {isa = PBXBuildFile; fileRef = 6D58D07C1DF8582600AADCC7 /* JSONObjectBuilder.swift */; };
		6D58D07F1DF8589200AADCC7 /* JSONObjectBuilderTests.swift in Sources */ = {isa = PBXBuildFile; fileRef = 6D58D07E1DF8589200AADCC7 /* JSONObjectBuilderTests.swift */; };
		6D8C790C1DE0B33900DD40BE /* URLCacheManagerTests.swift in Sources */ = {isa = PBXBuildFile; fileRef = 6D8C790B1DE0B33900DD40BE /* URLCacheManagerTests.swift */; };
		6D8C790D1DE0B4AA00DD40BE /* URLCacheManager.swift in Sources */ = {isa = PBXBuildFile; fileRef = 6DB428981DCCA9C5006582BE /* URLCacheManager.swift */; };
		6D8C790E1DE0B4B200DD40BE /* URLSessionProtocol.swift in Sources */ = {isa = PBXBuildFile; fileRef = 6DB428931DCCA0D8006582BE /* URLSessionProtocol.swift */; };
		6D8C790F1DE0B4B400DD40BE /* SwiftyNetworking.swift in Sources */ = {isa = PBXBuildFile; fileRef = 6DB428961DCCA1D1006582BE /* SwiftyNetworking.swift */; };
		6D8C79101DE0B4D300DD40BE /* URLCacheManager.swift in Sources */ = {isa = PBXBuildFile; fileRef = 6DB428981DCCA9C5006582BE /* URLCacheManager.swift */; };
		6DB428941DCCA0D8006582BE /* main.swift in Sources */ = {isa = PBXBuildFile; fileRef = 6DB428921DCCA0D8006582BE /* main.swift */; };
		6DB428951DCCA0D8006582BE /* URLSessionProtocol.swift in Sources */ = {isa = PBXBuildFile; fileRef = 6DB428931DCCA0D8006582BE /* URLSessionProtocol.swift */; };
		6DB428971DCCA1D1006582BE /* SwiftyNetworking.swift in Sources */ = {isa = PBXBuildFile; fileRef = 6DB428961DCCA1D1006582BE /* SwiftyNetworking.swift */; };
		6DB428991DCCA9C5006582BE /* URLCacheManager.swift in Sources */ = {isa = PBXBuildFile; fileRef = 6DB428981DCCA9C5006582BE /* URLCacheManager.swift */; };
		6DB428B01DCCC62E006582BE /* SwiftyNetworking.swift in Sources */ = {isa = PBXBuildFile; fileRef = 6DB428961DCCA1D1006582BE /* SwiftyNetworking.swift */; };
		6DB428B11DCCC64A006582BE /* URLSessionProtocol.swift in Sources */ = {isa = PBXBuildFile; fileRef = 6DB428931DCCA0D8006582BE /* URLSessionProtocol.swift */; };
		6DB428B91DCCC6F9006582BE /* main.swift in Sources */ = {isa = PBXBuildFile; fileRef = 6DB428B81DCCC6F9006582BE /* main.swift */; };
/* End PBXBuildFile section */

/* Begin PBXCopyFilesBuildPhase section */
		6DB428B41DCCC6F9006582BE /* CopyFiles */ = {
			isa = PBXCopyFilesBuildPhase;
			buildActionMask = 2147483647;
			dstPath = /usr/share/man/man1/;
			dstSubfolderSpec = 0;
			files = (
			);
			runOnlyForDeploymentPostprocessing = 1;
		};
		6DC3E27F1DCB6E5A00ED6FDE /* CopyFiles */ = {
			isa = PBXCopyFilesBuildPhase;
			buildActionMask = 2147483647;
			dstPath = /usr/share/man/man1/;
			dstSubfolderSpec = 0;
			files = (
			);
			runOnlyForDeploymentPostprocessing = 1;
		};
/* End PBXCopyFilesBuildPhase section */

/* Begin PBXFileReference section */
		6D58D07C1DF8582600AADCC7 /* JSONObjectBuilder.swift */ = {isa = PBXFileReference; fileEncoding = 4; lastKnownFileType = sourcecode.swift; path = JSONObjectBuilder.swift; sourceTree = "<group>"; };
		6D58D07E1DF8589200AADCC7 /* JSONObjectBuilderTests.swift */ = {isa = PBXFileReference; fileEncoding = 4; lastKnownFileType = sourcecode.swift; path = JSONObjectBuilderTests.swift; sourceTree = "<group>"; };
		6D8C790B1DE0B33900DD40BE /* URLCacheManagerTests.swift */ = {isa = PBXFileReference; fileEncoding = 4; lastKnownFileType = sourcecode.swift; path = URLCacheManagerTests.swift; sourceTree = "<group>"; };
		6DB428921DCCA0D8006582BE /* main.swift */ = {isa = PBXFileReference; fileEncoding = 4; lastKnownFileType = sourcecode.swift; path = main.swift; sourceTree = "<group>"; };
		6DB428931DCCA0D8006582BE /* URLSessionProtocol.swift */ = {isa = PBXFileReference; fileEncoding = 4; lastKnownFileType = sourcecode.swift; path = URLSessionProtocol.swift; sourceTree = "<group>"; };
		6DB428961DCCA1D1006582BE /* SwiftyNetworking.swift */ = {isa = PBXFileReference; fileEncoding = 4; lastKnownFileType = sourcecode.swift; path = SwiftyNetworking.swift; sourceTree = "<group>"; };
		6DB428981DCCA9C5006582BE /* URLCacheManager.swift */ = {isa = PBXFileReference; fileEncoding = 4; lastKnownFileType = sourcecode.swift; path = URLCacheManager.swift; sourceTree = "<group>"; };
		6DB428A81DCCC5C7006582BE /* SwiftyNetworkingTests.xctest */ = {isa = PBXFileReference; explicitFileType = wrapper.cfbundle; includeInIndex = 0; path = SwiftyNetworkingTests.xctest; sourceTree = BUILT_PRODUCTS_DIR; };
		6DB428AC1DCCC5C7006582BE /* Info.plist */ = {isa = PBXFileReference; lastKnownFileType = text.plist.xml; path = Info.plist; sourceTree = "<group>"; };
		6DB428B61DCCC6F9006582BE /* SwiftyNetworkingTestHost */ = {isa = PBXFileReference; explicitFileType = "compiled.mach-o.executable"; includeInIndex = 0; path = SwiftyNetworkingTestHost; sourceTree = BUILT_PRODUCTS_DIR; };
		6DB428B81DCCC6F9006582BE /* main.swift */ = {isa = PBXFileReference; lastKnownFileType = sourcecode.swift; path = main.swift; sourceTree = "<group>"; };
		6DC3E2811DCB6E5A00ED6FDE /* SwiftyNetworking */ = {isa = PBXFileReference; explicitFileType = "compiled.mach-o.executable"; includeInIndex = 0; path = SwiftyNetworking; sourceTree = BUILT_PRODUCTS_DIR; };
/* End PBXFileReference section */

/* Begin PBXFrameworksBuildPhase section */
		6DB428A51DCCC5C7006582BE /* Frameworks */ = {
			isa = PBXFrameworksBuildPhase;
			buildActionMask = 2147483647;
			files = (
			);
			runOnlyForDeploymentPostprocessing = 0;
		};
		6DB428B31DCCC6F9006582BE /* Frameworks */ = {
			isa = PBXFrameworksBuildPhase;
			buildActionMask = 2147483647;
			files = (
			);
			runOnlyForDeploymentPostprocessing = 0;
		};
		6DC3E27E1DCB6E5A00ED6FDE /* Frameworks */ = {
			isa = PBXFrameworksBuildPhase;
			buildActionMask = 2147483647;
			files = (
			);
			runOnlyForDeploymentPostprocessing = 0;
		};
/* End PBXFrameworksBuildPhase section */

/* Begin PBXGroup section */
		6DB428911DCCA0D8006582BE /* SwiftyNetworking */ = {
			isa = PBXGroup;
			children = (
				6DB428921DCCA0D8006582BE /* main.swift */,
				6DB428961DCCA1D1006582BE /* SwiftyNetworking.swift */,
				6DB428931DCCA0D8006582BE /* URLSessionProtocol.swift */,
				6DB428981DCCA9C5006582BE /* URLCacheManager.swift */,
				6D58D07C1DF8582600AADCC7 /* JSONObjectBuilder.swift */,
			);
			path = SwiftyNetworking;
			sourceTree = "<group>";
		};
		6DB428A91DCCC5C7006582BE /* SwiftyNetworkingTests */ = {
			isa = PBXGroup;
			children = (
				6DB428AC1DCCC5C7006582BE /* Info.plist */,
				6D8C790B1DE0B33900DD40BE /* URLCacheManagerTests.swift */,
				6D58D07E1DF8589200AADCC7 /* JSONObjectBuilderTests.swift */,
			);
			path = SwiftyNetworkingTests;
			sourceTree = "<group>";
		};
		6DB428B71DCCC6F9006582BE /* SwiftyNetworkingTestHost */ = {
			isa = PBXGroup;
			children = (
				6DB428B81DCCC6F9006582BE /* main.swift */,
			);
			path = SwiftyNetworkingTestHost;
			sourceTree = "<group>";
		};
		6DC3E2781DCB6E5A00ED6FDE = {
			isa = PBXGroup;
			children = (
				6DB428911DCCA0D8006582BE /* SwiftyNetworking */,
				6DB428A91DCCC5C7006582BE /* SwiftyNetworkingTests */,
				6DB428B71DCCC6F9006582BE /* SwiftyNetworkingTestHost */,
				6DC3E2821DCB6E5A00ED6FDE /* Products */,
			);
			sourceTree = "<group>";
		};
		6DC3E2821DCB6E5A00ED6FDE /* Products */ = {
			isa = PBXGroup;
			children = (
				6DC3E2811DCB6E5A00ED6FDE /* SwiftyNetworking */,
				6DB428A81DCCC5C7006582BE /* SwiftyNetworkingTests.xctest */,
				6DB428B61DCCC6F9006582BE /* SwiftyNetworkingTestHost */,
			);
			name = Products;
			sourceTree = "<group>";
		};
/* End PBXGroup section */

/* Begin PBXNativeTarget section */
		6DB428A71DCCC5C7006582BE /* SwiftyNetworkingTests */ = {
			isa = PBXNativeTarget;
			buildConfigurationList = 6DB428AD1DCCC5C7006582BE /* Build configuration list for PBXNativeTarget "SwiftyNetworkingTests" */;
			buildPhases = (
				6DB428A41DCCC5C7006582BE /* Sources */,
				6DB428A51DCCC5C7006582BE /* Frameworks */,
				6DB428A61DCCC5C7006582BE /* Resources */,
			);
			buildRules = (
			);
			dependencies = (
			);
			name = SwiftyNetworkingTests;
			productName = SwiftyNetworkingTests;
			productReference = 6DB428A81DCCC5C7006582BE /* SwiftyNetworkingTests.xctest */;
			productType = "com.apple.product-type.bundle.unit-test";
		};
		6DB428B51DCCC6F9006582BE /* SwiftyNetworkingTestHost */ = {
			isa = PBXNativeTarget;
			buildConfigurationList = 6DB428BA1DCCC6F9006582BE /* Build configuration list for PBXNativeTarget "SwiftyNetworkingTestHost" */;
			buildPhases = (
				6DB428B21DCCC6F9006582BE /* Sources */,
				6DB428B31DCCC6F9006582BE /* Frameworks */,
				6DB428B41DCCC6F9006582BE /* CopyFiles */,
			);
			buildRules = (
			);
			dependencies = (
			);
			name = SwiftyNetworkingTestHost;
			productName = SwiftyNetworkingTestHost;
			productReference = 6DB428B61DCCC6F9006582BE /* SwiftyNetworkingTestHost */;
			productType = "com.apple.product-type.tool";
		};
		6DC3E2801DCB6E5A00ED6FDE /* SwiftyNetworking */ = {
			isa = PBXNativeTarget;
			buildConfigurationList = 6DC3E2881DCB6E5A00ED6FDE /* Build configuration list for PBXNativeTarget "SwiftyNetworking" */;
			buildPhases = (
				6DC3E27D1DCB6E5A00ED6FDE /* Sources */,
				6DC3E27E1DCB6E5A00ED6FDE /* Frameworks */,
				6DC3E27F1DCB6E5A00ED6FDE /* CopyFiles */,
			);
			buildRules = (
			);
			dependencies = (
			);
			name = SwiftyNetworking;
			productName = CustomNSURLProtocol;
			productReference = 6DC3E2811DCB6E5A00ED6FDE /* SwiftyNetworking */;
			productType = "com.apple.product-type.tool";
		};
/* End PBXNativeTarget section */

/* Begin PBXProject section */
		6DC3E2791DCB6E5A00ED6FDE /* Project object */ = {
			isa = PBXProject;
			attributes = {
				LastSwiftUpdateCheck = 0800;
				LastUpgradeCheck = 1100;
				ORGANIZATIONNAME = "Maxim Makhun";
				TargetAttributes = {
					6DB428A71DCCC5C7006582BE = {
						CreatedOnToolsVersion = 8.0;
						ProvisioningStyle = Automatic;
					};
					6DB428B51DCCC6F9006582BE = {
						CreatedOnToolsVersion = 8.0;
						ProvisioningStyle = Automatic;
					};
					6DC3E2801DCB6E5A00ED6FDE = {
						CreatedOnToolsVersion = 8.0;
						LastSwiftMigration = 1100;
						ProvisioningStyle = Automatic;
					};
				};
			};
			buildConfigurationList = 6DC3E27C1DCB6E5A00ED6FDE /* Build configuration list for PBXProject "SwiftyNetworking" */;
			compatibilityVersion = "Xcode 3.2";
			developmentRegion = en;
			hasScannedForEncodings = 0;
			knownRegions = (
				en,
				Base,
			);
			mainGroup = 6DC3E2781DCB6E5A00ED6FDE;
			productRefGroup = 6DC3E2821DCB6E5A00ED6FDE /* Products */;
			projectDirPath = "";
			projectRoot = "";
			targets = (
				6DC3E2801DCB6E5A00ED6FDE /* SwiftyNetworking */,
				6DB428A71DCCC5C7006582BE /* SwiftyNetworkingTests */,
				6DB428B51DCCC6F9006582BE /* SwiftyNetworkingTestHost */,
			);
		};
/* End PBXProject section */

/* Begin PBXResourcesBuildPhase section */
		6DB428A61DCCC5C7006582BE /* Resources */ = {
			isa = PBXResourcesBuildPhase;
			buildActionMask = 2147483647;
			files = (
			);
			runOnlyForDeploymentPostprocessing = 0;
		};
/* End PBXResourcesBuildPhase section */

/* Begin PBXSourcesBuildPhase section */
		6DB428A41DCCC5C7006582BE /* Sources */ = {
			isa = PBXSourcesBuildPhase;
			buildActionMask = 2147483647;
			files = (
				6D58D07F1DF8589200AADCC7 /* JSONObjectBuilderTests.swift in Sources */,
				6DB428B11DCCC64A006582BE /* URLSessionProtocol.swift in Sources */,
				6DB428B01DCCC62E006582BE /* SwiftyNetworking.swift in Sources */,
				6D8C79101DE0B4D300DD40BE /* URLCacheManager.swift in Sources */,
				6D8C790C1DE0B33900DD40BE /* URLCacheManagerTests.swift in Sources */,
			);
			runOnlyForDeploymentPostprocessing = 0;
		};
		6DB428B21DCCC6F9006582BE /* Sources */ = {
			isa = PBXSourcesBuildPhase;
			buildActionMask = 2147483647;
			files = (
				6D8C790E1DE0B4B200DD40BE /* URLSessionProtocol.swift in Sources */,
				6D8C790D1DE0B4AA00DD40BE /* URLCacheManager.swift in Sources */,
				6DB428B91DCCC6F9006582BE /* main.swift in Sources */,
				6D8C790F1DE0B4B400DD40BE /* SwiftyNetworking.swift in Sources */,
			);
			runOnlyForDeploymentPostprocessing = 0;
		};
		6DC3E27D1DCB6E5A00ED6FDE /* Sources */ = {
			isa = PBXSourcesBuildPhase;
			buildActionMask = 2147483647;
			files = (
				6DB428971DCCA1D1006582BE /* SwiftyNetworking.swift in Sources */,
				6DB428951DCCA0D8006582BE /* URLSessionProtocol.swift in Sources */,
				6D58D07D1DF8582600AADCC7 /* JSONObjectBuilder.swift in Sources */,
				6DB428991DCCA9C5006582BE /* URLCacheManager.swift in Sources */,
				6DB428941DCCA0D8006582BE /* main.swift in Sources */,
			);
			runOnlyForDeploymentPostprocessing = 0;
		};
/* End PBXSourcesBuildPhase section */

/* Begin XCBuildConfiguration section */
		6DB428AE1DCCC5C7006582BE /* Debug */ = {
			isa = XCBuildConfiguration;
			buildSettings = {
				COMBINE_HIDPI_IMAGES = YES;
				INFOPLIST_FILE = SwiftyNetworkingTests/Info.plist;
				LD_RUNPATH_SEARCH_PATHS = "$(inherited) @executable_path/../Frameworks @loader_path/../Frameworks";
				PRODUCT_BUNDLE_IDENTIFIER = com.makhun.SwiftyNetworkingTests;
				PRODUCT_NAME = "$(TARGET_NAME)";
				SWIFT_ACTIVE_COMPILATION_CONDITIONS = DEBUG;
				SWIFT_VERSION = 5.0;
			};
			name = Debug;
		};
		6DB428AF1DCCC5C7006582BE /* Release */ = {
			isa = XCBuildConfiguration;
			buildSettings = {
				COMBINE_HIDPI_IMAGES = YES;
				INFOPLIST_FILE = SwiftyNetworkingTests/Info.plist;
				LD_RUNPATH_SEARCH_PATHS = "$(inherited) @executable_path/../Frameworks @loader_path/../Frameworks";
				PRODUCT_BUNDLE_IDENTIFIER = com.makhun.SwiftyNetworkingTests;
				PRODUCT_NAME = "$(TARGET_NAME)";
				SWIFT_OPTIMIZATION_LEVEL = "-Owholemodule";
				SWIFT_VERSION = 5.0;
			};
			name = Release;
		};
		6DB428BB1DCCC6F9006582BE /* Debug */ = {
			isa = XCBuildConfiguration;
			buildSettings = {
				CODE_SIGN_IDENTITY = "-";
				PRODUCT_NAME = "$(TARGET_NAME)";
				SWIFT_VERSION = 5.0;
			};
			name = Debug;
		};
		6DB428BC1DCCC6F9006582BE /* Release */ = {
			isa = XCBuildConfiguration;
			buildSettings = {
				CODE_SIGN_IDENTITY = "-";
				PRODUCT_NAME = "$(TARGET_NAME)";
				SWIFT_VERSION = 5.0;
			};
			name = Release;
		};
		6DC3E2861DCB6E5A00ED6FDE /* Debug */ = {
			isa = XCBuildConfiguration;
			buildSettings = {
				ALWAYS_SEARCH_USER_PATHS = NO;
				CLANG_ANALYZER_LOCALIZABILITY_NONLOCALIZED = YES;
				CLANG_ANALYZER_NONNULL = YES;
				CLANG_CXX_LANGUAGE_STANDARD = "gnu++0x";
				CLANG_CXX_LIBRARY = "libc++";
				CLANG_ENABLE_MODULES = YES;
				CLANG_ENABLE_OBJC_ARC = YES;
				CLANG_WARN_BLOCK_CAPTURE_AUTORELEASING = YES;
				CLANG_WARN_BOOL_CONVERSION = YES;
				CLANG_WARN_COMMA = YES;
				CLANG_WARN_CONSTANT_CONVERSION = YES;
				CLANG_WARN_DEPRECATED_OBJC_IMPLEMENTATIONS = YES;
				CLANG_WARN_DIRECT_OBJC_ISA_USAGE = YES_ERROR;
				CLANG_WARN_DOCUMENTATION_COMMENTS = YES;
				CLANG_WARN_EMPTY_BODY = YES;
				CLANG_WARN_ENUM_CONVERSION = YES;
				CLANG_WARN_INFINITE_RECURSION = YES;
				CLANG_WARN_INT_CONVERSION = YES;
				CLANG_WARN_NON_LITERAL_NULL_CONVERSION = YES;
				CLANG_WARN_OBJC_IMPLICIT_RETAIN_SELF = YES;
				CLANG_WARN_OBJC_LITERAL_CONVERSION = YES;
				CLANG_WARN_OBJC_ROOT_CLASS = YES_ERROR;
				CLANG_WARN_RANGE_LOOP_ANALYSIS = YES;
				CLANG_WARN_STRICT_PROTOTYPES = YES;
				CLANG_WARN_SUSPICIOUS_MOVE = YES;
				CLANG_WARN_SUSPICIOUS_MOVES = YES;
				CLANG_WARN_UNREACHABLE_CODE = YES;
				CLANG_WARN__DUPLICATE_METHOD_MATCH = YES;
				CODE_SIGN_IDENTITY = "-";
				COPY_PHASE_STRIP = NO;
				DEBUG_INFORMATION_FORMAT = dwarf;
				ENABLE_STRICT_OBJC_MSGSEND = YES;
				ENABLE_TESTABILITY = YES;
				GCC_C_LANGUAGE_STANDARD = gnu99;
				GCC_DYNAMIC_NO_PIC = NO;
				GCC_NO_COMMON_BLOCKS = YES;
				GCC_OPTIMIZATION_LEVEL = 0;
				GCC_PREPROCESSOR_DEFINITIONS = (
					"DEBUG=1",
					"$(inherited)",
				);
				GCC_WARN_64_TO_32_BIT_CONVERSION = YES;
				GCC_WARN_ABOUT_RETURN_TYPE = YES_ERROR;
				GCC_WARN_UNDECLARED_SELECTOR = YES;
				GCC_WARN_UNINITIALIZED_AUTOS = YES_AGGRESSIVE;
				GCC_WARN_UNUSED_FUNCTION = YES;
				GCC_WARN_UNUSED_VARIABLE = YES;
				MACOSX_DEPLOYMENT_TARGET = 10.12;
				MTL_ENABLE_DEBUG_INFO = YES;
				ONLY_ACTIVE_ARCH = YES;
				SDKROOT = macosx;
				SWIFT_OPTIMIZATION_LEVEL = "-Onone";
			};
			name = Debug;
		};
		6DC3E2871DCB6E5A00ED6FDE /* Release */ = {
			isa = XCBuildConfiguration;
			buildSettings = {
				ALWAYS_SEARCH_USER_PATHS = NO;
				CLANG_ANALYZER_LOCALIZABILITY_NONLOCALIZED = YES;
				CLANG_ANALYZER_NONNULL = YES;
				CLANG_CXX_LANGUAGE_STANDARD = "gnu++0x";
				CLANG_CXX_LIBRARY = "libc++";
				CLANG_ENABLE_MODULES = YES;
				CLANG_ENABLE_OBJC_ARC = YES;
				CLANG_WARN_BLOCK_CAPTURE_AUTORELEASING = YES;
				CLANG_WARN_BOOL_CONVERSION = YES;
				CLANG_WARN_COMMA = YES;
				CLANG_WARN_CONSTANT_CONVERSION = YES;
				CLANG_WARN_DEPRECATED_OBJC_IMPLEMENTATIONS = YES;
				CLANG_WARN_DIRECT_OBJC_ISA_USAGE = YES_ERROR;
				CLANG_WARN_DOCUMENTATION_COMMENTS = YES;
				CLANG_WARN_EMPTY_BODY = YES;
				CLANG_WARN_ENUM_CONVERSION = YES;
				CLANG_WARN_INFINITE_RECURSION = YES;
				CLANG_WARN_INT_CONVERSION = YES;
				CLANG_WARN_NON_LITERAL_NULL_CONVERSION = YES;
				CLANG_WARN_OBJC_IMPLICIT_RETAIN_SELF = YES;
				CLANG_WARN_OBJC_LITERAL_CONVERSION = YES;
				CLANG_WARN_OBJC_ROOT_CLASS = YES_ERROR;
				CLANG_WARN_RANGE_LOOP_ANALYSIS = YES;
				CLANG_WARN_STRICT_PROTOTYPES = YES;
				CLANG_WARN_SUSPICIOUS_MOVE = YES;
				CLANG_WARN_SUSPICIOUS_MOVES = YES;
				CLANG_WARN_UNREACHABLE_CODE = YES;
				CLANG_WARN__DUPLICATE_METHOD_MATCH = YES;
				CODE_SIGN_IDENTITY = "-";
				COPY_PHASE_STRIP = NO;
				DEBUG_INFORMATION_FORMAT = "dwarf-with-dsym";
				ENABLE_NS_ASSERTIONS = NO;
				ENABLE_STRICT_OBJC_MSGSEND = YES;
				GCC_C_LANGUAGE_STANDARD = gnu99;
				GCC_NO_COMMON_BLOCKS = YES;
				GCC_WARN_64_TO_32_BIT_CONVERSION = YES;
				GCC_WARN_ABOUT_RETURN_TYPE = YES_ERROR;
				GCC_WARN_UNDECLARED_SELECTOR = YES;
				GCC_WARN_UNINITIALIZED_AUTOS = YES_AGGRESSIVE;
				GCC_WARN_UNUSED_FUNCTION = YES;
				GCC_WARN_UNUSED_VARIABLE = YES;
				MACOSX_DEPLOYMENT_TARGET = 10.12;
				MTL_ENABLE_DEBUG_INFO = NO;
				SDKROOT = macosx;
				SWIFT_OPTIMIZATION_LEVEL = "-Owholemodule";
			};
			name = Release;
		};
		6DC3E2891DCB6E5A00ED6FDE /* Debug */ = {
			isa = XCBuildConfiguration;
			buildSettings = {
				CODE_SIGN_IDENTITY = "-";
				PRODUCT_NAME = "$(TARGET_NAME)";
				SWIFT_VERSION = 5.0;
			};
			name = Debug;
		};
		6DC3E28A1DCB6E5A00ED6FDE /* Release */ = {
			isa = XCBuildConfiguration;
			buildSettings = {
				CODE_SIGN_IDENTITY = "-";
				PRODUCT_NAME = "$(TARGET_NAME)";
				SWIFT_VERSION = 5.0;
			};
			name = Release;
		};
/* End XCBuildConfiguration section */

/* Begin XCConfigurationList section */
		6DB428AD1DCCC5C7006582BE /* Build configuration list for PBXNativeTarget "SwiftyNetworkingTests" */ = {
			isa = XCConfigurationList;
			buildConfigurations = (
				6DB428AE1DCCC5C7006582BE /* Debug */,
				6DB428AF1DCCC5C7006582BE /* Release */,
			);
			defaultConfigurationIsVisible = 0;
			defaultConfigurationName = Release;
		};
		6DB428BA1DCCC6F9006582BE /* Build configuration list for PBXNativeTarget "SwiftyNetworkingTestHost" */ = {
			isa = XCConfigurationList;
			buildConfigurations = (
				6DB428BB1DCCC6F9006582BE /* Debug */,
				6DB428BC1DCCC6F9006582BE /* Release */,
			);
			defaultConfigurationIsVisible = 0;
			defaultConfigurationName = Release;
		};
		6DC3E27C1DCB6E5A00ED6FDE /* Build configuration list for PBXProject "SwiftyNetworking" */ = {
			isa = XCConfigurationList;
			buildConfigurations = (
				6DC3E2861DCB6E5A00ED6FDE /* Debug */,
				6DC3E2871DCB6E5A00ED6FDE /* Release */,
			);
			defaultConfigurationIsVisible = 0;
			defaultConfigurationName = Release;
		};
		6DC3E2881DCB6E5A00ED6FDE /* Build configuration list for PBXNativeTarget "SwiftyNetworking" */ = {
			isa = XCConfigurationList;
			buildConfigurations = (
				6DC3E2891DCB6E5A00ED6FDE /* Debug */,
				6DC3E28A1DCB6E5A00ED6FDE /* Release */,
			);
			defaultConfigurationIsVisible = 0;
			defaultConfigurationName = Release;
		};
/* End XCConfigurationList section */
	};
	rootObject = 6DC3E2791DCB6E5A00ED6FDE /* Project object */;
}
